
Microsoft Visual Studio Solution File, Format Version 12.00
# Visual Studio 14
VisualStudioVersion = 14.0.25420.1
MinimumVisualStudioVersion = 10.0.40219.1
Project("{FAE04EC0-301F-11D3-BF4B-00C04F79EFBC}") = "1_PC6_13", "1_PC6_13\1_PC6_13.csproj", "{BB1A96C0-1B41-4FA5-B830-FD4E2B5BAAEA}"
EndProject
Global
	GlobalSection(SolutionConfigurationPlatforms) = preSolution
		Debug|Any CPU = Debug|Any CPU
		Release|Any CPU = Release|Any CPU
	EndGlobalSection
	GlobalSection(ProjectConfigurationPlatforms) = postSolution
		{BB1A96C0-1B41-4FA5-B830-FD4E2B5BAAEA}.Debug|Any CPU.ActiveCfg = Debug|Any CPU
		{BB1A96C0-1B41-4FA5-B830-FD4E2B5BAAEA}.Debug|Any CPU.Build.0 = Debug|Any CPU
		{BB1A96C0-1B41-4FA5-B830-FD4E2B5BAAEA}.Release|Any CPU.ActiveCfg = Release|Any CPU
		{BB1A96C0-1B41-4FA5-B830-FD4E2B5BAAEA}.Release|Any CPU.Build.0 = Release|Any CPU
	EndGlobalSection
	GlobalSection(SolutionProperties) = preSolution
		HideSolutionNode = FALSE
	EndGlobalSection
EndGlobal
